
Microsoft Visual Studio Solution File, Format Version 11.00
# Visual Studio 2010
Project("{FAE04EC0-301F-11D3-BF4B-00C04F79EFBC}") = "DentalChair", "DentalChair\DentalChair.csproj", "{4166BE4B-88AC-4FA8-B4A7-9E1BE953127C}"
EndProject
Global
	GlobalSection(SolutionConfigurationPlatforms) = preSolution
		Debug|Any CPU = Debug|Any CPU
		Release|Any CPU = Release|Any CPU
	EndGlobalSection
	GlobalSection(ProjectConfigurationPlatforms) = postSolution
		{4166BE4B-88AC-4FA8-B4A7-9E1BE953127C}.Debug|Any CPU.ActiveCfg = Debug|Any CPU
		{4166BE4B-88AC-4FA8-B4A7-9E1BE953127C}.Debug|Any CPU.Build.0 = Debug|Any CPU
		{4166BE4B-88AC-4FA8-B4A7-9E1BE953127C}.Release|Any CPU.ActiveCfg = Release|Any CPU
		{4166BE4B-88AC-4FA8-B4A7-9E1BE953127C}.Release|Any CPU.Build.0 = Release|Any CPU
	EndGlobalSection
	GlobalSection(SolutionProperties) = preSolution
		HideSolutionNode = FALSE
	EndGlobalSection
EndGlobal
